
Microsoft Visual Studio Solution File, Format Version 12.00
# Visual Studio Version 16
VisualStudioVersion = 16.0.30002.166
MinimumVisualStudioVersion = 10.0.40219.1
Project("{9A19103F-16F7-4668-BE54-9A1E7A4F7556}") = "BackendAPI", "BackendAPI\BackendAPI.csproj", "{1541C8B7-A5F0-4F17-B778-8EC97C0A3699}"
EndProject
Project("{9A19103F-16F7-4668-BE54-9A1E7A4F7556}") = "FrontendAPI", "FrontendAPI\FrontendAPI.csproj", "{B1C947B0-8C11-47B7-83EE-22BE781BDD0C}"
EndProject
Project("{9A19103F-16F7-4668-BE54-9A1E7A4F7556}") = "IdentityServer", "IdentityServer\IdentityServer.csproj", "{2841D7D1-698E-4255-A0B0-718E23CD701B}"
EndProject
Project("{9A19103F-16F7-4668-BE54-9A1E7A4F7556}") = "CMS", "CMS\CMS.csproj", "{9893A9DF-C5B7-4A22-AF97-F261A33DE0DC}"
EndProject
Project("{2150E333-8FDC-42A3-9474-1A3956D46DE8}") = "Solution Items", "Solution Items", "{ACEB84E5-9B03-44A8-909C-3676242A2D1F}"
	ProjectSection(SolutionItems) = preProject
		ReadMe.md = ReadMe.md
	EndProjectSection
EndProject
Project("{FAE04EC0-301F-11D3-BF4B-00C04F79EFBC}") = "DataAccess", "DataAccess\DataAccess.csproj", "{B49BB997-C40E-4A38-92F8-C11F5658A933}"
EndProject
Global
	GlobalSection(SolutionConfigurationPlatforms) = preSolution
		Debug|Any CPU = Debug|Any CPU
		Release|Any CPU = Release|Any CPU
	EndGlobalSection
	GlobalSection(ProjectConfigurationPlatforms) = postSolution
		{1541C8B7-A5F0-4F17-B778-8EC97C0A3699}.Debug|Any CPU.ActiveCfg = Debug|Any CPU
		{1541C8B7-A5F0-4F17-B778-8EC97C0A3699}.Debug|Any CPU.Build.0 = Debug|Any CPU
		{1541C8B7-A5F0-4F17-B778-8EC97C0A3699}.Release|Any CPU.ActiveCfg = Release|Any CPU
		{1541C8B7-A5F0-4F17-B778-8EC97C0A3699}.Release|Any CPU.Build.0 = Release|Any CPU
		{B1C947B0-8C11-47B7-83EE-22BE781BDD0C}.Debug|Any CPU.ActiveCfg = Debug|Any CPU
		{B1C947B0-8C11-47B7-83EE-22BE781BDD0C}.Debug|Any CPU.Build.0 = Debug|Any CPU
		{B1C947B0-8C11-47B7-83EE-22BE781BDD0C}.Release|Any CPU.ActiveCfg = Release|Any CPU
		{B1C947B0-8C11-47B7-83EE-22BE781BDD0C}.Release|Any CPU.Build.0 = Release|Any CPU
		{2841D7D1-698E-4255-A0B0-718E23CD701B}.Debug|Any CPU.ActiveCfg = Debug|Any CPU
		{2841D7D1-698E-4255-A0B0-718E23CD701B}.Debug|Any CPU.Build.0 = Debug|Any CPU
		{2841D7D1-698E-4255-A0B0-718E23CD701B}.Release|Any CPU.ActiveCfg = Release|Any CPU
		{2841D7D1-698E-4255-A0B0-718E23CD701B}.Release|Any CPU.Build.0 = Release|Any CPU
		{9893A9DF-C5B7-4A22-AF97-F261A33DE0DC}.Debug|Any CPU.ActiveCfg = Debug|Any CPU
		{9893A9DF-C5B7-4A22-AF97-F261A33DE0DC}.Debug|Any CPU.Build.0 = Debug|Any CPU
		{9893A9DF-C5B7-4A22-AF97-F261A33DE0DC}.Release|Any CPU.ActiveCfg = Release|Any CPU
		{9893A9DF-C5B7-4A22-AF97-F261A33DE0DC}.Release|Any CPU.Build.0 = Release|Any CPU
		{B49BB997-C40E-4A38-92F8-C11F5658A933}.Debug|Any CPU.ActiveCfg = Debug|Any CPU
		{B49BB997-C40E-4A38-92F8-C11F5658A933}.Debug|Any CPU.Build.0 = Debug|Any CPU
		{B49BB997-C40E-4A38-92F8-C11F5658A933}.Release|Any CPU.ActiveCfg = Release|Any CPU
		{B49BB997-C40E-4A38-92F8-C11F5658A933}.Release|Any CPU.Build.0 = Release|Any CPU
	EndGlobalSection
	GlobalSection(SolutionProperties) = preSolution
		HideSolutionNode = FALSE
	EndGlobalSection
	GlobalSection(ExtensibilityGlobals) = postSolution
		SolutionGuid = {33035329-6402-4DEC-B9B0-B99F0FA628CB}
	EndGlobalSection
EndGlobal
